// !$*UTF8*$!
{
	archiveVersion = 1;
	classes = {
	};
	objectVersion = 56;
	objects = {

/* Begin PBXBuildFile section */
		1FB433842B81132E0058A25B /* ProductApp.swift in Sources */ = {isa = PBXBuildFile; fileRef = 1FB433832B81132E0058A25B /* ProductApp.swift */; };
		1FB433862B81132E0058A25B /* ContentView.swift in Sources */ = {isa = PBXBuildFile; fileRef = 1FB433852B81132E0058A25B /* ContentView.swift */; };
		1FB433882B8113310058A25B /* Assets.xcassets in Resources */ = {isa = PBXBuildFile; fileRef = 1FB433872B8113310058A25B /* Assets.xcassets */; };
		1FB4338B2B8113310058A25B /* Preview Assets.xcassets in Resources */ = {isa = PBXBuildFile; fileRef = 1FB4338A2B8113310058A25B /* Preview Assets.xcassets */; };
		1FB433952B8113310058A25B /* productappTests.swift in Sources */ = {isa = PBXBuildFile; fileRef = 1FB433942B8113310058A25B /* productappTests.swift */; };
		1FB4339F2B8113310058A25B /* productappUITests.swift in Sources */ = {isa = PBXBuildFile; fileRef = 1FB4339E2B8113310058A25B /* productappUITests.swift */; };
		1FB433A12B8113310058A25B /* productappUITestsLaunchTests.swift in Sources */ = {isa = PBXBuildFile; fileRef = 1FB433A02B8113310058A25B /* productappUITestsLaunchTests.swift */; };
		1FB433AF2B8114170058A25B /* User.swift in Sources */ = {isa = PBXBuildFile; fileRef = 1FB433AE2B8114170058A25B /* User.swift */; };
		1FB433B22B81147C0058A25B /* LoginScreen.swift in Sources */ = {isa = PBXBuildFile; fileRef = 1FB433B12B81147C0058A25B /* LoginScreen.swift */; };
		1FB433B52B8114A50058A25B /* AuthViewModel.swift in Sources */ = {isa = PBXBuildFile; fileRef = 1FB433B42B8114A50058A25B /* AuthViewModel.swift */; };
		1FB433B82B8114C70058A25B /* AuthService.swift in Sources */ = {isa = PBXBuildFile; fileRef = 1FB433B72B8114C70058A25B /* AuthService.swift */; };
		1FB433BF2B81151E0058A25B /* ErrorPopup.swift in Sources */ = {isa = PBXBuildFile; fileRef = 1FB433BE2B81151E0058A25B /* ErrorPopup.swift */; };
		1FB433C12B8115370058A25B /* CongratsPopup.swift in Sources */ = {isa = PBXBuildFile; fileRef = 1FB433C02B8115370058A25B /* CongratsPopup.swift */; };
		1FB433C62B8186410058A25B /* Strings.swift in Sources */ = {isa = PBXBuildFile; fileRef = 1FB433C52B8186410058A25B /* Strings.swift */; };
		1FB433C82B8187640058A25B /* CustomButton.swift in Sources */ = {isa = PBXBuildFile; fileRef = 1FB433C72B8187640058A25B /* CustomButton.swift */; };
		1FB433CA2B81AA830058A25B /* CustomInputField.swift in Sources */ = {isa = PBXBuildFile; fileRef = 1FB433C92B81AA830058A25B /* CustomInputField.swift */; };
/* End PBXBuildFile section */

/* Begin PBXContainerItemProxy section */
		1FB433912B8113310058A25B /* PBXContainerItemProxy */ = {
			isa = PBXContainerItemProxy;
			containerPortal = 1FB433782B81132E0058A25B /* Project object */;
			proxyType = 1;
			remoteGlobalIDString = 1FB4337F2B81132E0058A25B;
			remoteInfo = productapp;
		};
		1FB4339B2B8113310058A25B /* PBXContainerItemProxy */ = {
			isa = PBXContainerItemProxy;
			containerPortal = 1FB433782B81132E0058A25B /* Project object */;
			proxyType = 1;
			remoteGlobalIDString = 1FB4337F2B81132E0058A25B;
			remoteInfo = productapp;
		};
/* End PBXContainerItemProxy section */

/* Begin PBXFileReference section */
		1FB433802B81132E0058A25B /* productapp.app */ = {isa = PBXFileReference; explicitFileType = wrapper.application; includeInIndex = 0; path = productapp.app; sourceTree = BUILT_PRODUCTS_DIR; };
		1FB433832B81132E0058A25B /* ProductApp.swift */ = {isa = PBXFileReference; lastKnownFileType = sourcecode.swift; path = ProductApp.swift; sourceTree = "<group>"; };
		1FB433852B81132E0058A25B /* ContentView.swift */ = {isa = PBXFileReference; lastKnownFileType = sourcecode.swift; path = ContentView.swift; sourceTree = "<group>"; };
		1FB433872B8113310058A25B /* Assets.xcassets */ = {isa = PBXFileReference; lastKnownFileType = folder.assetcatalog; path = Assets.xcassets; sourceTree = "<group>"; };
		1FB4338A2B8113310058A25B /* Preview Assets.xcassets */ = {isa = PBXFileReference; lastKnownFileType = folder.assetcatalog; path = "Preview Assets.xcassets"; sourceTree = "<group>"; };
		1FB433902B8113310058A25B /* productappTests.xctest */ = {isa = PBXFileReference; explicitFileType = wrapper.cfbundle; includeInIndex = 0; path = productappTests.xctest; sourceTree = BUILT_PRODUCTS_DIR; };
		1FB433942B8113310058A25B /* productappTests.swift */ = {isa = PBXFileReference; lastKnownFileType = sourcecode.swift; path = productappTests.swift; sourceTree = "<group>"; };
		1FB4339A2B8113310058A25B /* productappUITests.xctest */ = {isa = PBXFileReference; explicitFileType = wrapper.cfbundle; includeInIndex = 0; path = productappUITests.xctest; sourceTree = BUILT_PRODUCTS_DIR; };
		1FB4339E2B8113310058A25B /* productappUITests.swift */ = {isa = PBXFileReference; lastKnownFileType = sourcecode.swift; path = productappUITests.swift; sourceTree = "<group>"; };
		1FB433A02B8113310058A25B /* productappUITestsLaunchTests.swift */ = {isa = PBXFileReference; lastKnownFileType = sourcecode.swift; path = productappUITestsLaunchTests.swift; sourceTree = "<group>"; };
		1FB433AE2B8114170058A25B /* User.swift */ = {isa = PBXFileReference; lastKnownFileType = sourcecode.swift; path = User.swift; sourceTree = "<group>"; };
		1FB433B12B81147C0058A25B /* LoginScreen.swift */ = {isa = PBXFileReference; lastKnownFileType = sourcecode.swift; path = LoginScreen.swift; sourceTree = "<group>"; };
		1FB433B42B8114A50058A25B /* AuthViewModel.swift */ = {isa = PBXFileReference; lastKnownFileType = sourcecode.swift; path = AuthViewModel.swift; sourceTree = "<group>"; };
		1FB433B72B8114C70058A25B /* AuthService.swift */ = {isa = PBXFileReference; lastKnownFileType = sourcecode.swift; path = AuthService.swift; sourceTree = "<group>"; };
		1FB433BE2B81151E0058A25B /* ErrorPopup.swift */ = {isa = PBXFileReference; lastKnownFileType = sourcecode.swift; path = ErrorPopup.swift; sourceTree = "<group>"; };
		1FB433C02B8115370058A25B /* CongratsPopup.swift */ = {isa = PBXFileReference; lastKnownFileType = sourcecode.swift; path = CongratsPopup.swift; sourceTree = "<group>"; };
		1FB433C52B8186410058A25B /* Strings.swift */ = {isa = PBXFileReference; lastKnownFileType = sourcecode.swift; path = Strings.swift; sourceTree = "<group>"; };
		1FB433C72B8187640058A25B /* CustomButton.swift */ = {isa = PBXFileReference; lastKnownFileType = sourcecode.swift; path = CustomButton.swift; sourceTree = "<group>"; };
		1FB433C92B81AA830058A25B /* CustomInputField.swift */ = {isa = PBXFileReference; lastKnownFileType = sourcecode.swift; path = CustomInputField.swift; sourceTree = "<group>"; };
/* End PBXFileReference section */

/* Begin PBXFrameworksBuildPhase section */
		1FB4337D2B81132E0058A25B /* Frameworks */ = {
			isa = PBXFrameworksBuildPhase;
			buildActionMask = 2147483647;
			files = (
			);
			runOnlyForDeploymentPostprocessing = 0;
		};
		1FB4338D2B8113310058A25B /* Frameworks */ = {
			isa = PBXFrameworksBuildPhase;
			buildActionMask = 2147483647;
			files = (
			);
			runOnlyForDeploymentPostprocessing = 0;
		};
		1FB433972B8113310058A25B /* Frameworks */ = {
			isa = PBXFrameworksBuildPhase;
			buildActionMask = 2147483647;
			files = (
			);
			runOnlyForDeploymentPostprocessing = 0;
		};
/* End PBXFrameworksBuildPhase section */

/* Begin PBXGroup section */
		1FB433772B81132E0058A25B = {
			isa = PBXGroup;
			children = (
				1FB433822B81132E0058A25B /* productapp */,
				1FB433932B8113310058A25B /* productappTests */,
				1FB4339D2B8113310058A25B /* productappUITests */,
				1FB433812B81132E0058A25B /* Products */,
			);
			sourceTree = "<group>";
		};
		1FB433812B81132E0058A25B /* Products */ = {
			isa = PBXGroup;
			children = (
				1FB433802B81132E0058A25B /* productapp.app */,
				1FB433902B8113310058A25B /* productappTests.xctest */,
				1FB4339A2B8113310058A25B /* productappUITests.xctest */,
			);
			name = Products;
			sourceTree = "<group>";
		};
		1FB433822B81132E0058A25B /* productapp */ = {
			isa = PBXGroup;
			children = (
				1FB433C42B8186270058A25B /* Utils */,
				1FB433B62B8114AF0058A25B /* Services */,
				1FB433B32B8114850058A25B /* ViewModels */,
				1FB433B02B8114350058A25B /* Views */,
				1FB433AD2B81136D0058A25B /* Models */,
				1FB433832B81132E0058A25B /* ProductApp.swift */,
				1FB433852B81132E0058A25B /* ContentView.swift */,
				1FB433872B8113310058A25B /* Assets.xcassets */,
				1FB433892B8113310058A25B /* Preview Content */,
			);
			path = productapp;
			sourceTree = "<group>";
		};
		1FB433892B8113310058A25B /* Preview Content */ = {
			isa = PBXGroup;
			children = (
				1FB4338A2B8113310058A25B /* Preview Assets.xcassets */,
			);
			path = "Preview Content";
			sourceTree = "<group>";
		};
		1FB433932B8113310058A25B /* productappTests */ = {
			isa = PBXGroup;
			children = (
				1FB433942B8113310058A25B /* productappTests.swift */,
			);
			path = productappTests;
			sourceTree = "<group>";
		};
		1FB4339D2B8113310058A25B /* productappUITests */ = {
			isa = PBXGroup;
			children = (
				1FB4339E2B8113310058A25B /* productappUITests.swift */,
				1FB433A02B8113310058A25B /* productappUITestsLaunchTests.swift */,
			);
			path = productappUITests;
			sourceTree = "<group>";
		};
		1FB433AD2B81136D0058A25B /* Models */ = {
			isa = PBXGroup;
			children = (
				1FB433AE2B8114170058A25B /* User.swift */,
			);
			path = Models;
			sourceTree = "<group>";
		};
		1FB433B02B8114350058A25B /* Views */ = {
			isa = PBXGroup;
			children = (
				1FB433BD2B8115020058A25B /* Screens */,
				1FB433BC2B8114F70058A25B /* Components */,
			);
			path = Views;
			sourceTree = "<group>";
		};
		1FB433B32B8114850058A25B /* ViewModels */ = {
			isa = PBXGroup;
			children = (
				1FB433B42B8114A50058A25B /* AuthViewModel.swift */,
			);
			path = ViewModels;
			sourceTree = "<group>";
		};
		1FB433B62B8114AF0058A25B /* Services */ = {
			isa = PBXGroup;
			children = (
				1FB433B72B8114C70058A25B /* AuthService.swift */,
			);
			path = Services;
			sourceTree = "<group>";
		};
		1FB433BC2B8114F70058A25B /* Components */ = {
			isa = PBXGroup;
			children = (
				1FB433BE2B81151E0058A25B /* ErrorPopup.swift */,
				1FB433C02B8115370058A25B /* CongratsPopup.swift */,
				1FB433C72B8187640058A25B /* CustomButton.swift */,
				1FB433C92B81AA830058A25B /* CustomInputField.swift */,
			);
			path = Components;
			sourceTree = "<group>";
		};
		1FB433BD2B8115020058A25B /* Screens */ = {
			isa = PBXGroup;
			children = (
				1FB433B12B81147C0058A25B /* LoginScreen.swift */,
			);
			path = Screens;
			sourceTree = "<group>";
		};
		1FB433C42B8186270058A25B /* Utils */ = {
			isa = PBXGroup;
			children = (
				1FB433C52B8186410058A25B /* Strings.swift */,
			);
			path = Utils;
			sourceTree = "<group>";
		};
/* End PBXGroup section */

/* Begin PBXNativeTarget section */
		1FB4337F2B81132E0058A25B /* productapp */ = {
			isa = PBXNativeTarget;
			buildConfigurationList = 1FB433A42B8113310058A25B /* Build configuration list for PBXNativeTarget "productapp" */;
			buildPhases = (
				1FB4337C2B81132E0058A25B /* Sources */,
				1FB4337D2B81132E0058A25B /* Frameworks */,
				1FB4337E2B81132E0058A25B /* Resources */,
			);
			buildRules = (
			);
			dependencies = (
			);
			name = productapp;
			productName = productapp;
			productReference = 1FB433802B81132E0058A25B /* productapp.app */;
			productType = "com.apple.product-type.application";
		};
		1FB4338F2B8113310058A25B /* productappTests */ = {
			isa = PBXNativeTarget;
			buildConfigurationList = 1FB433A72B8113310058A25B /* Build configuration list for PBXNativeTarget "productappTests" */;
			buildPhases = (
				1FB4338C2B8113310058A25B /* Sources */,
				1FB4338D2B8113310058A25B /* Frameworks */,
				1FB4338E2B8113310058A25B /* Resources */,
			);
			buildRules = (
			);
			dependencies = (
				1FB433922B8113310058A25B /* PBXTargetDependency */,
			);
			name = productappTests;
			productName = productappTests;
			productReference = 1FB433902B8113310058A25B /* productappTests.xctest */;
			productType = "com.apple.product-type.bundle.unit-test";
		};
		1FB433992B8113310058A25B /* productappUITests */ = {
			isa = PBXNativeTarget;
			buildConfigurationList = 1FB433AA2B8113310058A25B /* Build configuration list for PBXNativeTarget "productappUITests" */;
			buildPhases = (
				1FB433962B8113310058A25B /* Sources */,
				1FB433972B8113310058A25B /* Frameworks */,
				1FB433982B8113310058A25B /* Resources */,
			);
			buildRules = (
			);
			dependencies = (
				1FB4339C2B8113310058A25B /* PBXTargetDependency */,
			);
			name = productappUITests;
			productName = productappUITests;
			productReference = 1FB4339A2B8113310058A25B /* productappUITests.xctest */;
			productType = "com.apple.product-type.bundle.ui-testing";
		};
/* End PBXNativeTarget section */

/* Begin PBXProject section */
		1FB433782B81132E0058A25B /* Project object */ = {
			isa = PBXProject;
			attributes = {
				BuildIndependentTargetsInParallel = 1;
				LastSwiftUpdateCheck = 1500;
				LastUpgradeCheck = 1500;
				TargetAttributes = {
					1FB4337F2B81132E0058A25B = {
						CreatedOnToolsVersion = 15.0;
					};
					1FB4338F2B8113310058A25B = {
						CreatedOnToolsVersion = 15.0;
						TestTargetID = 1FB4337F2B81132E0058A25B;
					};
					1FB433992B8113310058A25B = {
						CreatedOnToolsVersion = 15.0;
						TestTargetID = 1FB4337F2B81132E0058A25B;
					};
				};
			};
			buildConfigurationList = 1FB4337B2B81132E0058A25B /* Build configuration list for PBXProject "productapp" */;
			compatibilityVersion = "Xcode 14.0";
			developmentRegion = en;
			hasScannedForEncodings = 0;
			knownRegions = (
				en,
				Base,
			);
			mainGroup = 1FB433772B81132E0058A25B;
			productRefGroup = 1FB433812B81132E0058A25B /* Products */;
			projectDirPath = "";
			projectRoot = "";
			targets = (
				1FB4337F2B81132E0058A25B /* productapp */,
				1FB4338F2B8113310058A25B /* productappTests */,
				1FB433992B8113310058A25B /* productappUITests */,
			);
		};
/* End PBXProject section */

/* Begin PBXResourcesBuildPhase section */
		1FB4337E2B81132E0058A25B /* Resources */ = {
			isa = PBXResourcesBuildPhase;
			buildActionMask = 2147483647;
			files = (
				1FB4338B2B8113310058A25B /* Preview Assets.xcassets in Resources */,
				1FB433882B8113310058A25B /* Assets.xcassets in Resources */,
			);
			runOnlyForDeploymentPostprocessing = 0;
		};
		1FB4338E2B8113310058A25B /* Resources */ = {
			isa = PBXResourcesBuildPhase;
			buildActionMask = 2147483647;
			files = (
			);
			runOnlyForDeploymentPostprocessing = 0;
		};
		1FB433982B8113310058A25B /* Resources */ = {
			isa = PBXResourcesBuildPhase;
			buildActionMask = 2147483647;
			files = (
			);
			runOnlyForDeploymentPostprocessing = 0;
		};
/* End PBXResourcesBuildPhase section */

/* Begin PBXSourcesBuildPhase section */
		1FB4337C2B81132E0058A25B /* Sources */ = {
			isa = PBXSourcesBuildPhase;
			buildActionMask = 2147483647;
			files = (
				1FB433BF2B81151E0058A25B /* ErrorPopup.swift in Sources */,
				1FB433C62B8186410058A25B /* Strings.swift in Sources */,
				1FB433B52B8114A50058A25B /* AuthViewModel.swift in Sources */,
				1FB433862B81132E0058A25B /* ContentView.swift in Sources */,
				1FB433C82B8187640058A25B /* CustomButton.swift in Sources */,
				1FB433C12B8115370058A25B /* CongratsPopup.swift in Sources */,
				1FB433CA2B81AA830058A25B /* CustomInputField.swift in Sources */,
				1FB433B22B81147C0058A25B /* LoginScreen.swift in Sources */,
				1FB433B82B8114C70058A25B /* AuthService.swift in Sources */,
				1FB433842B81132E0058A25B /* ProductApp.swift in Sources */,
				1FB433AF2B8114170058A25B /* User.swift in Sources */,
			);
			runOnlyForDeploymentPostprocessing = 0;
		};
		1FB4338C2B8113310058A25B /* Sources */ = {
			isa = PBXSourcesBuildPhase;
			buildActionMask = 2147483647;
			files = (
				1FB433952B8113310058A25B /* productappTests.swift in Sources */,
			);
			runOnlyForDeploymentPostprocessing = 0;
		};
		1FB433962B8113310058A25B /* Sources */ = {
			isa = PBXSourcesBuildPhase;
			buildActionMask = 2147483647;
			files = (
				1FB433A12B8113310058A25B /* productappUITestsLaunchTests.swift in Sources */,
				1FB4339F2B8113310058A25B /* productappUITests.swift in Sources */,
			);
			runOnlyForDeploymentPostprocessing = 0;
		};
/* End PBXSourcesBuildPhase section */

/* Begin PBXTargetDependency section */
		1FB433922B8113310058A25B /* PBXTargetDependency */ = {
			isa = PBXTargetDependency;
			target = 1FB4337F2B81132E0058A25B /* productapp */;
			targetProxy = 1FB433912B8113310058A25B /* PBXContainerItemProxy */;
		};
		1FB4339C2B8113310058A25B /* PBXTargetDependency */ = {
			isa = PBXTargetDependency;
			target = 1FB4337F2B81132E0058A25B /* productapp */;
			targetProxy = 1FB4339B2B8113310058A25B /* PBXContainerItemProxy */;
		};
/* End PBXTargetDependency section */

/* Begin XCBuildConfiguration section */
		1FB433A22B8113310058A25B /* Debug */ = {
			isa = XCBuildConfiguration;
			buildSettings = {
				ALWAYS_SEARCH_USER_PATHS = NO;
				ASSETCATALOG_COMPILER_GENERATE_SWIFT_ASSET_SYMBOL_EXTENSIONS = YES;
				CLANG_ANALYZER_NONNULL = YES;
				CLANG_ANALYZER_NUMBER_OBJECT_CONVERSION = YES_AGGRESSIVE;
				CLANG_CXX_LANGUAGE_STANDARD = "gnu++20";
				CLANG_ENABLE_MODULES = YES;
				CLANG_ENABLE_OBJC_ARC = YES;
				CLANG_ENABLE_OBJC_WEAK = YES;
				CLANG_WARN_BLOCK_CAPTURE_AUTORELEASING = YES;
				CLANG_WARN_BOOL_CONVERSION = YES;
				CLANG_WARN_COMMA = YES;
				CLANG_WARN_CONSTANT_CONVERSION = YES;
				CLANG_WARN_DEPRECATED_OBJC_IMPLEMENTATIONS = YES;
				CLANG_WARN_DIRECT_OBJC_ISA_USAGE = YES_ERROR;
				CLANG_WARN_DOCUMENTATION_COMMENTS = YES;
				CLANG_WARN_EMPTY_BODY = YES;
				CLANG_WARN_ENUM_CONVERSION = YES;
				CLANG_WARN_INFINITE_RECURSION = YES;
				CLANG_WARN_INT_CONVERSION = YES;
				CLANG_WARN_NON_LITERAL_NULL_CONVERSION = YES;
				CLANG_WARN_OBJC_IMPLICIT_RETAIN_SELF = YES;
				CLANG_WARN_OBJC_LITERAL_CONVERSION = YES;
				CLANG_WARN_OBJC_ROOT_CLASS = YES_ERROR;
				CLANG_WARN_QUOTED_INCLUDE_IN_FRAMEWORK_HEADER = YES;
				CLANG_WARN_RANGE_LOOP_ANALYSIS = YES;
				CLANG_WARN_STRICT_PROTOTYPES = YES;
				CLANG_WARN_SUSPICIOUS_MOVE = YES;
				CLANG_WARN_UNGUARDED_AVAILABILITY = YES_AGGRESSIVE;
				CLANG_WARN_UNREACHABLE_CODE = YES;
				CLANG_WARN__DUPLICATE_METHOD_MATCH = YES;
				COPY_PHASE_STRIP = NO;
				DEBUG_INFORMATION_FORMAT = dwarf;
				ENABLE_STRICT_OBJC_MSGSEND = YES;
				ENABLE_TESTABILITY = YES;
				ENABLE_USER_SCRIPT_SANDBOXING = YES;
				GCC_C_LANGUAGE_STANDARD = gnu17;
				GCC_DYNAMIC_NO_PIC = NO;
				GCC_NO_COMMON_BLOCKS = YES;
				GCC_OPTIMIZATION_LEVEL = 0;
				GCC_PREPROCESSOR_DEFINITIONS = (
					"DEBUG=1",
					"$(inherited)",
				);
				GCC_WARN_64_TO_32_BIT_CONVERSION = YES;
				GCC_WARN_ABOUT_RETURN_TYPE = YES_ERROR;
				GCC_WARN_UNDECLARED_SELECTOR = YES;
				GCC_WARN_UNINITIALIZED_AUTOS = YES_AGGRESSIVE;
				GCC_WARN_UNUSED_FUNCTION = YES;
				GCC_WARN_UNUSED_VARIABLE = YES;
				IPHONEOS_DEPLOYMENT_TARGET = 17.0;
				LOCALIZATION_PREFERS_STRING_CATALOGS = YES;
				MTL_ENABLE_DEBUG_INFO = INCLUDE_SOURCE;
				MTL_FAST_MATH = YES;
				ONLY_ACTIVE_ARCH = YES;
				SDKROOT = iphoneos;
				SWIFT_ACTIVE_COMPILATION_CONDITIONS = "DEBUG $(inherited)";
				SWIFT_OPTIMIZATION_LEVEL = "-Onone";
			};
			name = Debug;
		};
		1FB433A32B8113310058A25B /* Release */ = {
			isa = XCBuildConfiguration;
			buildSettings = {
				ALWAYS_SEARCH_USER_PATHS = NO;
				ASSETCATALOG_COMPILER_GENERATE_SWIFT_ASSET_SYMBOL_EXTENSIONS = YES;
				CLANG_ANALYZER_NONNULL = YES;
				CLANG_ANALYZER_NUMBER_OBJECT_CONVERSION = YES_AGGRESSIVE;
				CLANG_CXX_LANGUAGE_STANDARD = "gnu++20";
				CLANG_ENABLE_MODULES = YES;
				CLANG_ENABLE_OBJC_ARC = YES;
				CLANG_ENABLE_OBJC_WEAK = YES;
				CLANG_WARN_BLOCK_CAPTURE_AUTORELEASING = YES;
				CLANG_WARN_BOOL_CONVERSION = YES;
				CLANG_WARN_COMMA = YES;
				CLANG_WARN_CONSTANT_CONVERSION = YES;
				CLANG_WARN_DEPRECATED_OBJC_IMPLEMENTATIONS = YES;
				CLANG_WARN_DIRECT_OBJC_ISA_USAGE = YES_ERROR;
				CLANG_WARN_DOCUMENTATION_COMMENTS = YES;
				CLANG_WARN_EMPTY_BODY = YES;
				CLANG_WARN_ENUM_CONVERSION = YES;
				CLANG_WARN_INFINITE_RECURSION = YES;
				CLANG_WARN_INT_CONVERSION = YES;
				CLANG_WARN_NON_LITERAL_NULL_CONVERSION = YES;
				CLANG_WARN_OBJC_IMPLICIT_RETAIN_SELF = YES;
				CLANG_WARN_OBJC_LITERAL_CONVERSION = YES;
				CLANG_WARN_OBJC_ROOT_CLASS = YES_ERROR;
				CLANG_WARN_QUOTED_INCLUDE_IN_FRAMEWORK_HEADER = YES;
				CLANG_WARN_RANGE_LOOP_ANALYSIS = YES;
				CLANG_WARN_STRICT_PROTOTYPES = YES;
				CLANG_WARN_SUSPICIOUS_MOVE = YES;
				CLANG_WARN_UNGUARDED_AVAILABILITY = YES_AGGRESSIVE;
				CLANG_WARN_UNREACHABLE_CODE = YES;
				CLANG_WARN__DUPLICATE_METHOD_MATCH = YES;
				COPY_PHASE_STRIP = NO;
				DEBUG_INFORMATION_FORMAT = "dwarf-with-dsym";
				ENABLE_NS_ASSERTIONS = NO;
				ENABLE_STRICT_OBJC_MSGSEND = YES;
				ENABLE_USER_SCRIPT_SANDBOXING = YES;
				GCC_C_LANGUAGE_STANDARD = gnu17;
				GCC_NO_COMMON_BLOCKS = YES;
				GCC_WARN_64_TO_32_BIT_CONVERSION = YES;
				GCC_WARN_ABOUT_RETURN_TYPE = YES_ERROR;
				GCC_WARN_UNDECLARED_SELECTOR = YES;
				GCC_WARN_UNINITIALIZED_AUTOS = YES_AGGRESSIVE;
				GCC_WARN_UNUSED_FUNCTION = YES;
				GCC_WARN_UNUSED_VARIABLE = YES;
				IPHONEOS_DEPLOYMENT_TARGET = 17.0;
				LOCALIZATION_PREFERS_STRING_CATALOGS = YES;
				MTL_ENABLE_DEBUG_INFO = NO;
				MTL_FAST_MATH = YES;
				SDKROOT = iphoneos;
				SWIFT_COMPILATION_MODE = wholemodule;
				VALIDATE_PRODUCT = YES;
			};
			name = Release;
		};
		1FB433A52B8113310058A25B /* Debug */ = {
			isa = XCBuildConfiguration;
			buildSettings = {
				ASSETCATALOG_COMPILER_APPICON_NAME = AppIcon;
				ASSETCATALOG_COMPILER_GLOBAL_ACCENT_COLOR_NAME = AccentColor;
				CODE_SIGN_STYLE = Automatic;
				CURRENT_PROJECT_VERSION = 1;
				DEVELOPMENT_ASSET_PATHS = "\"productapp/Preview Content\"";
				DEVELOPMENT_TEAM = L794MUZN8S;
				ENABLE_PREVIEWS = YES;
				GENERATE_INFOPLIST_FILE = YES;
				INFOPLIST_KEY_UIApplicationSceneManifest_Generation = YES;
				INFOPLIST_KEY_UIApplicationSupportsIndirectInputEvents = YES;
				INFOPLIST_KEY_UILaunchScreen_Generation = YES;
				INFOPLIST_KEY_UISupportedInterfaceOrientations_iPad = "UIInterfaceOrientationPortrait UIInterfaceOrientationPortraitUpsideDown UIInterfaceOrientationLandscapeLeft UIInterfaceOrientationLandscapeRight";
				INFOPLIST_KEY_UISupportedInterfaceOrientations_iPhone = "UIInterfaceOrientationPortrait UIInterfaceOrientationLandscapeLeft UIInterfaceOrientationLandscapeRight";
				LD_RUNPATH_SEARCH_PATHS = (
					"$(inherited)",
					"@executable_path/Frameworks",
				);
				MARKETING_VERSION = 1.0;
				PRODUCT_BUNDLE_IDENTIFIER = com.armia.productapp;
				PRODUCT_NAME = "$(TARGET_NAME)";
				SWIFT_EMIT_LOC_STRINGS = YES;
				SWIFT_VERSION = 5.0;
				TARGETED_DEVICE_FAMILY = "1,2";
			};
			name = Debug;
		};
		1FB433A62B8113310058A25B /* Release */ = {
			isa = XCBuildConfiguration;
			buildSettings = {
				ASSETCATALOG_COMPILER_APPICON_NAME = AppIcon;
				ASSETCATALOG_COMPILER_GLOBAL_ACCENT_COLOR_NAME = AccentColor;
				CODE_SIGN_STYLE = Automatic;
				CURRENT_PROJECT_VERSION = 1;
				DEVELOPMENT_ASSET_PATHS = "\"productapp/Preview Content\"";
				DEVELOPMENT_TEAM = L794MUZN8S;
				ENABLE_PREVIEWS = YES;
				GENERATE_INFOPLIST_FILE = YES;
				INFOPLIST_KEY_UIApplicationSceneManifest_Generation = YES;
				INFOPLIST_KEY_UIApplicationSupportsIndirectInputEvents = YES;
				INFOPLIST_KEY_UILaunchScreen_Generation = YES;
				INFOPLIST_KEY_UISupportedInterfaceOrientations_iPad = "UIInterfaceOrientationPortrait UIInterfaceOrientationPortraitUpsideDown UIInterfaceOrientationLandscapeLeft UIInterfaceOrientationLandscapeRight";
				INFOPLIST_KEY_UISupportedInterfaceOrientations_iPhone = "UIInterfaceOrientationPortrait UIInterfaceOrientationLandscapeLeft UIInterfaceOrientationLandscapeRight";
				LD_RUNPATH_SEARCH_PATHS = (
					"$(inherited)",
					"@executable_path/Frameworks",
				);
				MARKETING_VERSION = 1.0;
				PRODUCT_BUNDLE_IDENTIFIER = com.armia.productapp;
				PRODUCT_NAME = "$(TARGET_NAME)";
				SWIFT_EMIT_LOC_STRINGS = YES;
				SWIFT_VERSION = 5.0;
				TARGETED_DEVICE_FAMILY = "1,2";
			};
			name = Release;
		};
		1FB433A82B8113310058A25B /* Debug */ = {
			isa = XCBuildConfiguration;
			buildSettings = {
				ALWAYS_EMBED_SWIFT_STANDARD_LIBRARIES = YES;
				BUNDLE_LOADER = "$(TEST_HOST)";
				CODE_SIGN_STYLE = Automatic;
				CURRENT_PROJECT_VERSION = 1;
				DEVELOPMENT_TEAM = L794MUZN8S;
				GENERATE_INFOPLIST_FILE = YES;
				IPHONEOS_DEPLOYMENT_TARGET = 17.0;
				MARKETING_VERSION = 1.0;
				PRODUCT_BUNDLE_IDENTIFIER = com.armia.productappTests;
				PRODUCT_NAME = "$(TARGET_NAME)";
				SWIFT_EMIT_LOC_STRINGS = NO;
				SWIFT_VERSION = 5.0;
				TARGETED_DEVICE_FAMILY = "1,2";
				TEST_HOST = "$(BUILT_PRODUCTS_DIR)/productapp.app/$(BUNDLE_EXECUTABLE_FOLDER_PATH)/productapp";
			};
			name = Debug;
		};
		1FB433A92B8113310058A25B /* Release */ = {
			isa = XCBuildConfiguration;
			buildSettings = {
				ALWAYS_EMBED_SWIFT_STANDARD_LIBRARIES = YES;
				BUNDLE_LOADER = "$(TEST_HOST)";
				CODE_SIGN_STYLE = Automatic;
				CURRENT_PROJECT_VERSION = 1;
				DEVELOPMENT_TEAM = L794MUZN8S;
				GENERATE_INFOPLIST_FILE = YES;
				IPHONEOS_DEPLOYMENT_TARGET = 17.0;
				MARKETING_VERSION = 1.0;
				PRODUCT_BUNDLE_IDENTIFIER = com.armia.productappTests;
				PRODUCT_NAME = "$(TARGET_NAME)";
				SWIFT_EMIT_LOC_STRINGS = NO;
				SWIFT_VERSION = 5.0;
				TARGETED_DEVICE_FAMILY = "1,2";
				TEST_HOST = "$(BUILT_PRODUCTS_DIR)/productapp.app/$(BUNDLE_EXECUTABLE_FOLDER_PATH)/productapp";
			};
			name = Release;
		};
		1FB433AB2B8113310058A25B /* Debug */ = {
			isa = XCBuildConfiguration;
			buildSettings = {
				ALWAYS_EMBED_SWIFT_STANDARD_LIBRARIES = YES;
				CODE_SIGN_STYLE = Automatic;
				CURRENT_PROJECT_VERSION = 1;
				DEVELOPMENT_TEAM = L794MUZN8S;
				GENERATE_INFOPLIST_FILE = YES;
				MARKETING_VERSION = 1.0;
				PRODUCT_BUNDLE_IDENTIFIER = com.armia.productappUITests;
				PRODUCT_NAME = "$(TARGET_NAME)";
				SWIFT_EMIT_LOC_STRINGS = NO;
				SWIFT_VERSION = 5.0;
				TARGETED_DEVICE_FAMILY = "1,2";
				TEST_TARGET_NAME = productapp;
			};
			name = Debug;
		};
		1FB433AC2B8113310058A25B /* Release */ = {
			isa = XCBuildConfiguration;
			buildSettings = {
				ALWAYS_EMBED_SWIFT_STANDARD_LIBRARIES = YES;
				CODE_SIGN_STYLE = Automatic;
				CURRENT_PROJECT_VERSION = 1;
				DEVELOPMENT_TEAM = L794MUZN8S;
				GENERATE_INFOPLIST_FILE = YES;
				MARKETING_VERSION = 1.0;
				PRODUCT_BUNDLE_IDENTIFIER = com.armia.productappUITests;
				PRODUCT_NAME = "$(TARGET_NAME)";
				SWIFT_EMIT_LOC_STRINGS = NO;
				SWIFT_VERSION = 5.0;
				TARGETED_DEVICE_FAMILY = "1,2";
				TEST_TARGET_NAME = productapp;
			};
			name = Release;
		};
/* End XCBuildConfiguration section */

/* Begin XCConfigurationList section */
		1FB4337B2B81132E0058A25B /* Build configuration list for PBXProject "productapp" */ = {
			isa = XCConfigurationList;
			buildConfigurations = (
				1FB433A22B8113310058A25B /* Debug */,
				1FB433A32B8113310058A25B /* Release */,
			);
			defaultConfigurationIsVisible = 0;
			defaultConfigurationName = Release;
		};
		1FB433A42B8113310058A25B /* Build configuration list for PBXNativeTarget "productapp" */ = {
			isa = XCConfigurationList;
			buildConfigurations = (
				1FB433A52B8113310058A25B /* Debug */,
				1FB433A62B8113310058A25B /* Release */,
			);
			defaultConfigurationIsVisible = 0;
			defaultConfigurationName = Release;
		};
		1FB433A72B8113310058A25B /* Build configuration list for PBXNativeTarget "productappTests" */ = {
			isa = XCConfigurationList;
			buildConfigurations = (
				1FB433A82B8113310058A25B /* Debug */,
				1FB433A92B8113310058A25B /* Release */,
			);
			defaultConfigurationIsVisible = 0;
			defaultConfigurationName = Release;
		};
		1FB433AA2B8113310058A25B /* Build configuration list for PBXNativeTarget "productappUITests" */ = {
			isa = XCConfigurationList;
			buildConfigurations = (
				1FB433AB2B8113310058A25B /* Debug */,
				1FB433AC2B8113310058A25B /* Release */,
			);
			defaultConfigurationIsVisible = 0;
			defaultConfigurationName = Release;
		};
/* End XCConfigurationList section */
	};
	rootObject = 1FB433782B81132E0058A25B /* Project object */;
}
